
Microsoft Visual Studio Solution File, Format Version 12.00
# Visual Studio 15
VisualStudioVersion = 15.0.25914.0
MinimumVisualStudioVersion = 10.0.40219.1
Project("{FAE04EC0-301F-11D3-BF4B-00C04F79EFBC}") = "Share-Portfolio-Management", "SharePortfolioManager\SharePortfolioManager.csproj", "{980070CD-8810-4D87-AF37-75483D1C3E15}"
EndProject
Global
	GlobalSection(SolutionConfigurationPlatforms) = preSolution
		Debug_Language|Any CPU = Debug_Language|Any CPU
		Debug_Language|x86 = Debug_Language|x86
		Debug|Any CPU = Debug|Any CPU
		Debug|x86 = Debug|x86
		Release_Tracing|Any CPU = Release_Tracing|Any CPU
		Release_Tracing|x86 = Release_Tracing|x86
		Release|Any CPU = Release|Any CPU
		Release|x86 = Release|x86
	EndGlobalSection
	GlobalSection(ProjectConfigurationPlatforms) = postSolution
		{980070CD-8810-4D87-AF37-75483D1C3E15}.Debug_Language|Any CPU.ActiveCfg = Debug_Language|x86
		{980070CD-8810-4D87-AF37-75483D1C3E15}.Debug_Language|Any CPU.Build.0 = Debug_Language|x86
		{980070CD-8810-4D87-AF37-75483D1C3E15}.Debug_Language|x86.ActiveCfg = Debug_Language|x86
		{980070CD-8810-4D87-AF37-75483D1C3E15}.Debug_Language|x86.Build.0 = Debug_Language|x86
		{980070CD-8810-4D87-AF37-75483D1C3E15}.Debug|Any CPU.ActiveCfg = Debug|x86
		{980070CD-8810-4D87-AF37-75483D1C3E15}.Debug|Any CPU.Build.0 = Debug|x86
		{980070CD-8810-4D87-AF37-75483D1C3E15}.Debug|x86.ActiveCfg = Debug|x86
		{980070CD-8810-4D87-AF37-75483D1C3E15}.Debug|x86.Build.0 = Debug|x86
		{980070CD-8810-4D87-AF37-75483D1C3E15}.Release_Tracing|Any CPU.ActiveCfg = Release_Tracing|x86
		{980070CD-8810-4D87-AF37-75483D1C3E15}.Release_Tracing|x86.ActiveCfg = Release_Tracing|x86
		{980070CD-8810-4D87-AF37-75483D1C3E15}.Release_Tracing|x86.Build.0 = Release_Tracing|x86
		{980070CD-8810-4D87-AF37-75483D1C3E15}.Release|Any CPU.ActiveCfg = Release|x86
		{980070CD-8810-4D87-AF37-75483D1C3E15}.Release|Any CPU.Build.0 = Release|x86
		{980070CD-8810-4D87-AF37-75483D1C3E15}.Release|x86.ActiveCfg = Release|x86
		{980070CD-8810-4D87-AF37-75483D1C3E15}.Release|x86.Build.0 = Release|x86
	EndGlobalSection
	GlobalSection(SolutionProperties) = preSolution
		HideSolutionNode = FALSE
	EndGlobalSection
EndGlobal
